PODS:
  - Flutter (1.0.0)
  - integration_test (0.0.1):
    - Flutter
  - useage_stats (0.0.1):
    - Flutter

DEPENDENCIES:
  - Flutter (from `Flutter`)
  - integration_test (from `.symlinks/plugins/integration_test/ios`)
  - useage_stats (from `.symlinks/plugins/useage_stats/ios`)

EXTERNAL SOURCES:
  Flutter:
    :path: Flutter
  integration_test:
    :path: ".symlinks/plugins/integration_test/ios"
  useage_stats:
    :path: ".symlinks/plugins/useage_stats/ios"

SPEC CHECKSUMS:
  Flutter: cabc95a1d2626b1b06e7179b784ebcf0c0cde467
  integration_test: 4a889634ef21a45d28d50d622cf412dc6d9f586e
  useage_stats: b751579bb421aaaababeec9a7ccf019d40d2cec9

PODFILE CHECKSUM: 53a6aebc29ccee84c41f92f409fc20cd4ca011f1

COCOAPODS: 1.16.2
